
Microsoft Visual Studio Solution File, Format Version 12.00
# Visual Studio Version 17
VisualStudioVersion = 17.13.35818.85 d17.13
MinimumVisualStudioVersion = 10.0.40219.1
Project("{FAE04EC0-301F-11D3-BF4B-00C04F79EFBC}") = "NestedArgs", "NestedArgs\NestedArgs.csproj", "{D97768AE-3C10-ED6B-0B34-584193D5B492}"
EndProject
Project("{FAE04EC0-301F-11D3-BF4B-00C04F79EFBC}") = "NestedArgs.Example", "NestedArgs.Example\NestedArgs.Example.csproj", "{98B69D52-2562-28DB-D000-BFF8D0F4B4EF}"
EndProject
Project("{FAE04EC0-301F-11D3-BF4B-00C04F79EFBC}") = "NestedArgs.Tests", "NestedArgs.Tests\NestedArgs.Tests.csproj", "{3B378E0D-4F54-DACE-D36C-19894FA18604}"
EndProject
Global
	GlobalSection(SolutionConfigurationPlatforms) = preSolution
		Debug|Any CPU = Debug|Any CPU
		Release|Any CPU = Release|Any CPU
	EndGlobalSection
	GlobalSection(ProjectConfigurationPlatforms) = postSolution
		{D97768AE-3C10-ED6B-0B34-584193D5B492}.Debug|Any CPU.ActiveCfg = Debug|Any CPU
		{D97768AE-3C10-ED6B-0B34-584193D5B492}.Debug|Any CPU.Build.0 = Debug|Any CPU
		{D97768AE-3C10-ED6B-0B34-584193D5B492}.Release|Any CPU.ActiveCfg = Release|Any CPU
		{D97768AE-3C10-ED6B-0B34-584193D5B492}.Release|Any CPU.Build.0 = Release|Any CPU
		{98B69D52-2562-28DB-D000-BFF8D0F4B4EF}.Debug|Any CPU.ActiveCfg = Debug|Any CPU
		{98B69D52-2562-28DB-D000-BFF8D0F4B4EF}.Debug|Any CPU.Build.0 = Debug|Any CPU
		{98B69D52-2562-28DB-D000-BFF8D0F4B4EF}.Release|Any CPU.ActiveCfg = Release|Any CPU
		{98B69D52-2562-28DB-D000-BFF8D0F4B4EF}.Release|Any CPU.Build.0 = Release|Any CPU
		{3B378E0D-4F54-DACE-D36C-19894FA18604}.Debug|Any CPU.ActiveCfg = Debug|Any CPU
		{3B378E0D-4F54-DACE-D36C-19894FA18604}.Debug|Any CPU.Build.0 = Debug|Any CPU
		{3B378E0D-4F54-DACE-D36C-19894FA18604}.Release|Any CPU.ActiveCfg = Release|Any CPU
		{3B378E0D-4F54-DACE-D36C-19894FA18604}.Release|Any CPU.Build.0 = Release|Any CPU
	EndGlobalSection
	GlobalSection(SolutionProperties) = preSolution
		HideSolutionNode = FALSE
	EndGlobalSection
	GlobalSection(ExtensibilityGlobals) = postSolution
		SolutionGuid = {B4E01219-6676-4FA0-84E9-C8103B80B8BE}
	EndGlobalSection
EndGlobal
